
Microsoft Visual Studio Solution File, Format Version 12.00
# Visual Studio Version 17
VisualStudioVersion = 17.11.35303.130
MinimumVisualStudioVersion = 10.0.40219.1
Project("{FAE04EC0-301F-11D3-BF4B-00C04F79EFBC}") = "Dotnet.Web", "Dotnet.Web\Dotnet.Web.csproj", "{16ABD8FD-9785-4172-B11C-143E053BC052}"
EndProject
Global
	GlobalSection(SolutionConfigurationPlatforms) = preSolution
		Debug|Any CPU = Debug|Any CPU
		Release|Any CPU = Release|Any CPU
	EndGlobalSection
	GlobalSection(ProjectConfigurationPlatforms) = postSolution
		{16ABD8FD-9785-4172-B11C-143E053BC052}.Debug|Any CPU.ActiveCfg = Debug|Any CPU
		{16ABD8FD-9785-4172-B11C-143E053BC052}.Debug|Any CPU.Build.0 = Debug|Any CPU
		{16ABD8FD-9785-4172-B11C-143E053BC052}.Release|Any CPU.ActiveCfg = Release|Any CPU
		{16ABD8FD-9785-4172-B11C-143E053BC052}.Release|Any CPU.Build.0 = Release|Any CPU
	EndGlobalSection
	GlobalSection(SolutionProperties) = preSolution
		HideSolutionNode = FALSE
	EndGlobalSection
	GlobalSection(ExtensibilityGlobals) = postSolution
		SolutionGuid = {84F52698-E9AF-4FD4-A946-75497EBE489F}
	EndGlobalSection
EndGlobal
